
Microsoft Visual Studio Solution File, Format Version 12.00
# Visual Studio 15
VisualStudioVersion = 15.0.27130.2036
MinimumVisualStudioVersion = 10.0.40219.1
Project("{FAE04EC0-301F-11D3-BF4B-00C04F79EFBC}") = "StudentAssigner", "StudentAssigner\StudentAssigner.csproj", "{A3CCD850-EEBE-4ECD-B138-00B98B4FB72C}"
EndProject
Global
	GlobalSection(SolutionConfigurationPlatforms) = preSolution
		Debug|Any CPU = Debug|Any CPU
		Release|Any CPU = Release|Any CPU
	EndGlobalSection
	GlobalSection(ProjectConfigurationPlatforms) = postSolution
		{A3CCD850-EEBE-4ECD-B138-00B98B4FB72C}.Debug|Any CPU.ActiveCfg = Debug|Any CPU
		{A3CCD850-EEBE-4ECD-B138-00B98B4FB72C}.Debug|Any CPU.Build.0 = Debug|Any CPU
		{A3CCD850-EEBE-4ECD-B138-00B98B4FB72C}.Release|Any CPU.ActiveCfg = Release|Any CPU
		{A3CCD850-EEBE-4ECD-B138-00B98B4FB72C}.Release|Any CPU.Build.0 = Release|Any CPU
	EndGlobalSection
	GlobalSection(SolutionProperties) = preSolution
		HideSolutionNode = FALSE
	EndGlobalSection
	GlobalSection(ExtensibilityGlobals) = postSolution
		SolutionGuid = {ECECFB5F-05FF-45AA-BDAF-4B4384C6E873}
	EndGlobalSection
EndGlobal
